
Microsoft Visual Studio Solution File, Format Version 12.00
Project("{FAE04EC0-301F-11D3-BF4B-00C04F79EFBC}") = "SinaraTest", "SinaraTest\SinaraTest.csproj", "{FA15B660-613F-4325-81B9-9E39E494CDB2}"
EndProject
Project("{FAE04EC0-301F-11D3-BF4B-00C04F79EFBC}") = "Test", "Test\Test.csproj", "{4ECD805A-6861-4743-B2AE-F05FB5580ADA}"
EndProject
Global
	GlobalSection(SolutionConfigurationPlatforms) = preSolution
		Debug|Any CPU = Debug|Any CPU
		Release|Any CPU = Release|Any CPU
	EndGlobalSection
	GlobalSection(ProjectConfigurationPlatforms) = postSolution
		{FA15B660-613F-4325-81B9-9E39E494CDB2}.Debug|Any CPU.ActiveCfg = Debug|Any CPU
		{FA15B660-613F-4325-81B9-9E39E494CDB2}.Debug|Any CPU.Build.0 = Debug|Any CPU
		{FA15B660-613F-4325-81B9-9E39E494CDB2}.Release|Any CPU.ActiveCfg = Release|Any CPU
		{FA15B660-613F-4325-81B9-9E39E494CDB2}.Release|Any CPU.Build.0 = Release|Any CPU
		{4ECD805A-6861-4743-B2AE-F05FB5580ADA}.Debug|Any CPU.ActiveCfg = Debug|Any CPU
		{4ECD805A-6861-4743-B2AE-F05FB5580ADA}.Debug|Any CPU.Build.0 = Debug|Any CPU
		{4ECD805A-6861-4743-B2AE-F05FB5580ADA}.Release|Any CPU.ActiveCfg = Release|Any CPU
		{4ECD805A-6861-4743-B2AE-F05FB5580ADA}.Release|Any CPU.Build.0 = Release|Any CPU
	EndGlobalSection
EndGlobal
